
Microsoft Visual Studio Solution File, Format Version 12.00
# Visual Studio Version 17
VisualStudioVersion = 17.0.31903.59
MinimumVisualStudioVersion = 10.0.40219.1
Project("{FAE04EC0-301F-11D3-BF4B-00C04F79EFBC}") = "01_Trebouchet", "01_Trebouchet\01_Trebouchet.csproj", "{C5938114-C771-4EAC-B2F7-1EF66F588100}"
EndProject
Project("{FAE04EC0-301F-11D3-BF4B-00C04F79EFBC}") = "02_CubeConundrum", "02_CubeConundrum\02_CubeConundrum.csproj", "{22C2B988-55ED-4D18-A58A-872CC5510026}"
EndProject
Project("{FAE04EC0-301F-11D3-BF4B-00C04F79EFBC}") = "03_GearRatios", "03_GearRatios\03_GearRatios.csproj", "{84708308-70A5-4E85-9AFA-ADAA6568E0DF}"
EndProject
Project("{FAE04EC0-301F-11D3-BF4B-00C04F79EFBC}") = "04_Scratchcards", "04_Scratchcards\04_Scratchcards.csproj", "{F58863B3-F894-4218-8493-670AFE2F2102}"
EndProject
Global
	GlobalSection(SolutionConfigurationPlatforms) = preSolution
		Debug|Any CPU = Debug|Any CPU
		Release|Any CPU = Release|Any CPU
	EndGlobalSection
	GlobalSection(SolutionProperties) = preSolution
		HideSolutionNode = FALSE
	EndGlobalSection
	GlobalSection(ProjectConfigurationPlatforms) = postSolution
		{C5938114-C771-4EAC-B2F7-1EF66F588100}.Debug|Any CPU.ActiveCfg = Debug|Any CPU
		{C5938114-C771-4EAC-B2F7-1EF66F588100}.Debug|Any CPU.Build.0 = Debug|Any CPU
		{C5938114-C771-4EAC-B2F7-1EF66F588100}.Release|Any CPU.ActiveCfg = Release|Any CPU
		{C5938114-C771-4EAC-B2F7-1EF66F588100}.Release|Any CPU.Build.0 = Release|Any CPU
		{22C2B988-55ED-4D18-A58A-872CC5510026}.Debug|Any CPU.ActiveCfg = Debug|Any CPU
		{22C2B988-55ED-4D18-A58A-872CC5510026}.Debug|Any CPU.Build.0 = Debug|Any CPU
		{22C2B988-55ED-4D18-A58A-872CC5510026}.Release|Any CPU.ActiveCfg = Release|Any CPU
		{22C2B988-55ED-4D18-A58A-872CC5510026}.Release|Any CPU.Build.0 = Release|Any CPU
		{84708308-70A5-4E85-9AFA-ADAA6568E0DF}.Debug|Any CPU.ActiveCfg = Debug|Any CPU
		{84708308-70A5-4E85-9AFA-ADAA6568E0DF}.Debug|Any CPU.Build.0 = Debug|Any CPU
		{84708308-70A5-4E85-9AFA-ADAA6568E0DF}.Release|Any CPU.ActiveCfg = Release|Any CPU
		{84708308-70A5-4E85-9AFA-ADAA6568E0DF}.Release|Any CPU.Build.0 = Release|Any CPU
		{F58863B3-F894-4218-8493-670AFE2F2102}.Debug|Any CPU.ActiveCfg = Debug|Any CPU
		{F58863B3-F894-4218-8493-670AFE2F2102}.Debug|Any CPU.Build.0 = Debug|Any CPU
		{F58863B3-F894-4218-8493-670AFE2F2102}.Release|Any CPU.ActiveCfg = Release|Any CPU
		{F58863B3-F894-4218-8493-670AFE2F2102}.Release|Any CPU.Build.0 = Release|Any CPU
	EndGlobalSection
EndGlobal
