
Microsoft Visual Studio Solution File, Format Version 12.00
Project("{2150E333-8FDC-42A3-9474-1A3956D46DE8}") = "Day01", "Day01", "{E33AC91A-5DB2-4016-94CC-D83B906AD002}"
EndProject
Project("{FAE04EC0-301F-11D3-BF4B-00C04F79EFBC}") = "MostCalories", "MostCalories\MostCalories.csproj", "{BA9A3069-C18C-4449-BC49-25A18893A217}"
EndProject
Project("{2150E333-8FDC-42A3-9474-1A3956D46DE8}") = "Day02", "Day02", "{266B5831-D196-421C-9A68-7DB080E3698D}"
EndProject
Project("{FAE04EC0-301F-11D3-BF4B-00C04F79EFBC}") = "RockPaperScissors", "RockPaperScissors\RockPaperScissors.csproj", "{45C02DB4-8318-4C97-B947-69614DA32A92}"
EndProject
Project("{2150E333-8FDC-42A3-9474-1A3956D46DE8}") = "Day03", "Day03", "{731E5C33-86BE-422C-A18D-B521D5055FBA}"
EndProject
Project("{FAE04EC0-301F-11D3-BF4B-00C04F79EFBC}") = "Packing", "Packing\Packing.csproj", "{ED3F9879-3EB5-4F9D-B21C-BBB473D7D4A6}"
EndProject
Project("{2150E333-8FDC-42A3-9474-1A3956D46DE8}") = "Day04", "Day04", "{DAE3FAB9-DBF5-454F-A38C-0CC0511EDE99}"
EndProject
Project("{FAE04EC0-301F-11D3-BF4B-00C04F79EFBC}") = "ClearingSections", "ClearingSections\ClearingSections.csproj", "{DACF1B09-116F-4322-BD20-2035460F8C0F}"
EndProject
Project("{2150E333-8FDC-42A3-9474-1A3956D46DE8}") = "Day05", "Day05", "{325002BB-5CE3-43DE-B466-664375E82CA5}"
EndProject
Project("{FAE04EC0-301F-11D3-BF4B-00C04F79EFBC}") = "CrateStacking", "CrateStacking\CrateStacking.csproj", "{0854376F-5D01-4E58-82EB-F2077E5C4E75}"
EndProject
Project("{2150E333-8FDC-42A3-9474-1A3956D46DE8}") = "Day06", "Day06", "{143C521C-0A40-4EF3-BE3B-1F74443E1D46}"
EndProject
Project("{FAE04EC0-301F-11D3-BF4B-00C04F79EFBC}") = "CommSignal", "CommSignal\CommSignal.csproj", "{DF4D5FCC-1A89-485A-87AC-A8A59197A55A}"
EndProject
Project("{2150E333-8FDC-42A3-9474-1A3956D46DE8}") = "Day07", "Day07", "{57BE77BF-E48C-46AF-86FF-8554709BE6D5}"
EndProject
Project("{FAE04EC0-301F-11D3-BF4B-00C04F79EFBC}") = "FreeSpace", "FreeSpace\FreeSpace.csproj", "{C8E7D68E-388D-41CE-87FC-C7C03D0911FE}"
EndProject
Project("{2150E333-8FDC-42A3-9474-1A3956D46DE8}") = "Day08", "Day08", "{5F82A852-41BD-4CF5-B15A-5B0B028E4046}"
EndProject
Project("{FAE04EC0-301F-11D3-BF4B-00C04F79EFBC}") = "TreeHouse", "TreeHouse\TreeHouse.csproj", "{8A38BE7A-B445-42AD-8C20-F205FEA3AF3E}"
EndProject
Project("{2150E333-8FDC-42A3-9474-1A3956D46DE8}") = "Day09", "Day09", "{D12DD479-5FFE-422F-A83A-473314200E6D}"
EndProject
Project("{FAE04EC0-301F-11D3-BF4B-00C04F79EFBC}") = "RopeKnots", "RopeKnots\RopeKnots.csproj", "{D9A68985-364D-4842-B158-C3E77766A681}"
EndProject
Project("{2150E333-8FDC-42A3-9474-1A3956D46DE8}") = "Day10", "Day10", "{7704B8C7-BA18-41BD-A6B5-C5957F741AF8}"
EndProject
Project("{FAE04EC0-301F-11D3-BF4B-00C04F79EFBC}") = "CathodeRayTube", "CathodeRayTube\CathodeRayTube.csproj", "{B8CF3C82-1BB5-4A0C-9AC1-83D16B9D3476}"
EndProject
Project("{2150E333-8FDC-42A3-9474-1A3956D46DE8}") = "Day11", "Day11", "{5F1495F6-96A4-48BD-9F14-4DB20535410F}"
EndProject
Project("{FAE04EC0-301F-11D3-BF4B-00C04F79EFBC}") = "MonkeyInTheMiddle", "MonkeyInTheMiddle\MonkeyInTheMiddle.csproj", "{D59D7388-83B7-40A1-9E8E-5591B22669D8}"
EndProject
Project("{2150E333-8FDC-42A3-9474-1A3956D46DE8}") = "Day12", "Day12", "{3E2143CA-B6FD-4D7C-B386-33FED28BAD4F}"
EndProject
Project("{FAE04EC0-301F-11D3-BF4B-00C04F79EFBC}") = "HillClimbingAlgorithm", "HillClimbingAlgorithm\HillClimbingAlgorithm.csproj", "{5A27CE6C-32AD-469C-A9A8-7164D0D00B3C}"
EndProject
Project("{2150E333-8FDC-42A3-9474-1A3956D46DE8}") = "Day13", "Day13", "{F8A4CE21-B7C3-44C8-AA4C-8B04FA71FB7F}"
EndProject
Project("{FAE04EC0-301F-11D3-BF4B-00C04F79EFBC}") = "DistressSignal", "DistressSignal\DistressSignal.csproj", "{008EE2E5-8DDC-4BBA-8218-D413706EC69D}"
EndProject
Global
	GlobalSection(SolutionConfigurationPlatforms) = preSolution
		Debug|Any CPU = Debug|Any CPU
		Release|Any CPU = Release|Any CPU
	EndGlobalSection
	GlobalSection(NestedProjects) = preSolution
		{BA9A3069-C18C-4449-BC49-25A18893A217} = {E33AC91A-5DB2-4016-94CC-D83B906AD002}
		{45C02DB4-8318-4C97-B947-69614DA32A92} = {266B5831-D196-421C-9A68-7DB080E3698D}
		{ED3F9879-3EB5-4F9D-B21C-BBB473D7D4A6} = {731E5C33-86BE-422C-A18D-B521D5055FBA}
		{DACF1B09-116F-4322-BD20-2035460F8C0F} = {DAE3FAB9-DBF5-454F-A38C-0CC0511EDE99}
		{0854376F-5D01-4E58-82EB-F2077E5C4E75} = {325002BB-5CE3-43DE-B466-664375E82CA5}
		{DF4D5FCC-1A89-485A-87AC-A8A59197A55A} = {143C521C-0A40-4EF3-BE3B-1F74443E1D46}
		{C8E7D68E-388D-41CE-87FC-C7C03D0911FE} = {57BE77BF-E48C-46AF-86FF-8554709BE6D5}
		{8A38BE7A-B445-42AD-8C20-F205FEA3AF3E} = {5F82A852-41BD-4CF5-B15A-5B0B028E4046}
		{D9A68985-364D-4842-B158-C3E77766A681} = {D12DD479-5FFE-422F-A83A-473314200E6D}
		{B8CF3C82-1BB5-4A0C-9AC1-83D16B9D3476} = {7704B8C7-BA18-41BD-A6B5-C5957F741AF8}
		{D59D7388-83B7-40A1-9E8E-5591B22669D8} = {5F1495F6-96A4-48BD-9F14-4DB20535410F}
		{5A27CE6C-32AD-469C-A9A8-7164D0D00B3C} = {3E2143CA-B6FD-4D7C-B386-33FED28BAD4F}
		{008EE2E5-8DDC-4BBA-8218-D413706EC69D} = {F8A4CE21-B7C3-44C8-AA4C-8B04FA71FB7F}
	EndGlobalSection
	GlobalSection(ProjectConfigurationPlatforms) = postSolution
		{BA9A3069-C18C-4449-BC49-25A18893A217}.Debug|Any CPU.ActiveCfg = Debug|Any CPU
		{BA9A3069-C18C-4449-BC49-25A18893A217}.Debug|Any CPU.Build.0 = Debug|Any CPU
		{BA9A3069-C18C-4449-BC49-25A18893A217}.Release|Any CPU.ActiveCfg = Release|Any CPU
		{BA9A3069-C18C-4449-BC49-25A18893A217}.Release|Any CPU.Build.0 = Release|Any CPU
		{45C02DB4-8318-4C97-B947-69614DA32A92}.Debug|Any CPU.ActiveCfg = Debug|Any CPU
		{45C02DB4-8318-4C97-B947-69614DA32A92}.Debug|Any CPU.Build.0 = Debug|Any CPU
		{45C02DB4-8318-4C97-B947-69614DA32A92}.Release|Any CPU.ActiveCfg = Release|Any CPU
		{45C02DB4-8318-4C97-B947-69614DA32A92}.Release|Any CPU.Build.0 = Release|Any CPU
		{ED3F9879-3EB5-4F9D-B21C-BBB473D7D4A6}.Debug|Any CPU.ActiveCfg = Debug|Any CPU
		{ED3F9879-3EB5-4F9D-B21C-BBB473D7D4A6}.Debug|Any CPU.Build.0 = Debug|Any CPU
		{ED3F9879-3EB5-4F9D-B21C-BBB473D7D4A6}.Release|Any CPU.ActiveCfg = Release|Any CPU
		{ED3F9879-3EB5-4F9D-B21C-BBB473D7D4A6}.Release|Any CPU.Build.0 = Release|Any CPU
		{DACF1B09-116F-4322-BD20-2035460F8C0F}.Debug|Any CPU.ActiveCfg = Debug|Any CPU
		{DACF1B09-116F-4322-BD20-2035460F8C0F}.Debug|Any CPU.Build.0 = Debug|Any CPU
		{DACF1B09-116F-4322-BD20-2035460F8C0F}.Release|Any CPU.ActiveCfg = Release|Any CPU
		{DACF1B09-116F-4322-BD20-2035460F8C0F}.Release|Any CPU.Build.0 = Release|Any CPU
		{0854376F-5D01-4E58-82EB-F2077E5C4E75}.Debug|Any CPU.ActiveCfg = Debug|Any CPU
		{0854376F-5D01-4E58-82EB-F2077E5C4E75}.Debug|Any CPU.Build.0 = Debug|Any CPU
		{0854376F-5D01-4E58-82EB-F2077E5C4E75}.Release|Any CPU.ActiveCfg = Release|Any CPU
		{0854376F-5D01-4E58-82EB-F2077E5C4E75}.Release|Any CPU.Build.0 = Release|Any CPU
		{DF4D5FCC-1A89-485A-87AC-A8A59197A55A}.Debug|Any CPU.ActiveCfg = Debug|Any CPU
		{DF4D5FCC-1A89-485A-87AC-A8A59197A55A}.Debug|Any CPU.Build.0 = Debug|Any CPU
		{DF4D5FCC-1A89-485A-87AC-A8A59197A55A}.Release|Any CPU.ActiveCfg = Release|Any CPU
		{DF4D5FCC-1A89-485A-87AC-A8A59197A55A}.Release|Any CPU.Build.0 = Release|Any CPU
		{C8E7D68E-388D-41CE-87FC-C7C03D0911FE}.Debug|Any CPU.ActiveCfg = Debug|Any CPU
		{C8E7D68E-388D-41CE-87FC-C7C03D0911FE}.Debug|Any CPU.Build.0 = Debug|Any CPU
		{C8E7D68E-388D-41CE-87FC-C7C03D0911FE}.Release|Any CPU.ActiveCfg = Release|Any CPU
		{C8E7D68E-388D-41CE-87FC-C7C03D0911FE}.Release|Any CPU.Build.0 = Release|Any CPU
		{8A38BE7A-B445-42AD-8C20-F205FEA3AF3E}.Debug|Any CPU.ActiveCfg = Debug|Any CPU
		{8A38BE7A-B445-42AD-8C20-F205FEA3AF3E}.Debug|Any CPU.Build.0 = Debug|Any CPU
		{8A38BE7A-B445-42AD-8C20-F205FEA3AF3E}.Release|Any CPU.ActiveCfg = Release|Any CPU
		{8A38BE7A-B445-42AD-8C20-F205FEA3AF3E}.Release|Any CPU.Build.0 = Release|Any CPU
		{D9A68985-364D-4842-B158-C3E77766A681}.Debug|Any CPU.ActiveCfg = Debug|Any CPU
		{D9A68985-364D-4842-B158-C3E77766A681}.Debug|Any CPU.Build.0 = Debug|Any CPU
		{D9A68985-364D-4842-B158-C3E77766A681}.Release|Any CPU.ActiveCfg = Release|Any CPU
		{D9A68985-364D-4842-B158-C3E77766A681}.Release|Any CPU.Build.0 = Release|Any CPU
		{B8CF3C82-1BB5-4A0C-9AC1-83D16B9D3476}.Debug|Any CPU.ActiveCfg = Debug|Any CPU
		{B8CF3C82-1BB5-4A0C-9AC1-83D16B9D3476}.Debug|Any CPU.Build.0 = Debug|Any CPU
		{B8CF3C82-1BB5-4A0C-9AC1-83D16B9D3476}.Release|Any CPU.ActiveCfg = Release|Any CPU
		{B8CF3C82-1BB5-4A0C-9AC1-83D16B9D3476}.Release|Any CPU.Build.0 = Release|Any CPU
		{D59D7388-83B7-40A1-9E8E-5591B22669D8}.Debug|Any CPU.ActiveCfg = Debug|Any CPU
		{D59D7388-83B7-40A1-9E8E-5591B22669D8}.Debug|Any CPU.Build.0 = Debug|Any CPU
		{D59D7388-83B7-40A1-9E8E-5591B22669D8}.Release|Any CPU.ActiveCfg = Release|Any CPU
		{D59D7388-83B7-40A1-9E8E-5591B22669D8}.Release|Any CPU.Build.0 = Release|Any CPU
		{5A27CE6C-32AD-469C-A9A8-7164D0D00B3C}.Debug|Any CPU.ActiveCfg = Debug|Any CPU
		{5A27CE6C-32AD-469C-A9A8-7164D0D00B3C}.Debug|Any CPU.Build.0 = Debug|Any CPU
		{5A27CE6C-32AD-469C-A9A8-7164D0D00B3C}.Release|Any CPU.ActiveCfg = Release|Any CPU
		{5A27CE6C-32AD-469C-A9A8-7164D0D00B3C}.Release|Any CPU.Build.0 = Release|Any CPU
		{008EE2E5-8DDC-4BBA-8218-D413706EC69D}.Debug|Any CPU.ActiveCfg = Debug|Any CPU
		{008EE2E5-8DDC-4BBA-8218-D413706EC69D}.Debug|Any CPU.Build.0 = Debug|Any CPU
		{008EE2E5-8DDC-4BBA-8218-D413706EC69D}.Release|Any CPU.ActiveCfg = Release|Any CPU
		{008EE2E5-8DDC-4BBA-8218-D413706EC69D}.Release|Any CPU.Build.0 = Release|Any CPU
	EndGlobalSection
EndGlobal
